
Microsoft Visual Studio Solution File, Format Version 12.00
# Visual Studio Version 16
VisualStudioVersion = 16.0.31911.196
MinimumVisualStudioVersion = 10.0.40219.1
Project("{9A19103F-16F7-4668-BE54-9A1E7A4F7556}") = "Api", "Api\Api.csproj", "{F4D26C05-CFD2-4CF0-8408-3AEA66D6878C}"
EndProject
Project("{9A19103F-16F7-4668-BE54-9A1E7A4F7556}") = "DomainModels", "DomainModels\DomainModels.csproj", "{A45EBB29-FE4C-4DCA-962F-3F7795338D4B}"
EndProject
Project("{FAE04EC0-301F-11D3-BF4B-00C04F79EFBC}") = "Repository", "Repository\Repository.csproj", "{07B730FE-4DC1-405D-8576-D6BCB2BA6ADA}"
EndProject
Global
	GlobalSection(SolutionConfigurationPlatforms) = preSolution
		Debug|Any CPU = Debug|Any CPU
		Release|Any CPU = Release|Any CPU
	EndGlobalSection
	GlobalSection(ProjectConfigurationPlatforms) = postSolution
		{F4D26C05-CFD2-4CF0-8408-3AEA66D6878C}.Debug|Any CPU.ActiveCfg = Debug|Any CPU
		{F4D26C05-CFD2-4CF0-8408-3AEA66D6878C}.Debug|Any CPU.Build.0 = Debug|Any CPU
		{F4D26C05-CFD2-4CF0-8408-3AEA66D6878C}.Release|Any CPU.ActiveCfg = Release|Any CPU
		{F4D26C05-CFD2-4CF0-8408-3AEA66D6878C}.Release|Any CPU.Build.0 = Release|Any CPU
		{A45EBB29-FE4C-4DCA-962F-3F7795338D4B}.Debug|Any CPU.ActiveCfg = Debug|Any CPU
		{A45EBB29-FE4C-4DCA-962F-3F7795338D4B}.Debug|Any CPU.Build.0 = Debug|Any CPU
		{A45EBB29-FE4C-4DCA-962F-3F7795338D4B}.Release|Any CPU.ActiveCfg = Release|Any CPU
		{A45EBB29-FE4C-4DCA-962F-3F7795338D4B}.Release|Any CPU.Build.0 = Release|Any CPU
		{07B730FE-4DC1-405D-8576-D6BCB2BA6ADA}.Debug|Any CPU.ActiveCfg = Debug|Any CPU
		{07B730FE-4DC1-405D-8576-D6BCB2BA6ADA}.Debug|Any CPU.Build.0 = Debug|Any CPU
		{07B730FE-4DC1-405D-8576-D6BCB2BA6ADA}.Release|Any CPU.ActiveCfg = Release|Any CPU
		{07B730FE-4DC1-405D-8576-D6BCB2BA6ADA}.Release|Any CPU.Build.0 = Release|Any CPU
	EndGlobalSection
	GlobalSection(SolutionProperties) = preSolution
		HideSolutionNode = FALSE
	EndGlobalSection
	GlobalSection(ExtensibilityGlobals) = postSolution
		SolutionGuid = {52AF0933-7F17-417A-A5F7-8270046B9342}
	EndGlobalSection
EndGlobal
